// !$*UTF8*$!
{
	archiveVersion = 1;
	classes = {
	};
	objectVersion = 48;
	objects = {

/* Begin PBXBuildFile section */
		BC38BCD92087E65E009D92AB /* AppDelegate.m in Sources */ = {isa = PBXBuildFile; fileRef = BC38BCD82087E65E009D92AB /* AppDelegate.m */; };
		BC38BCDC2087E65E009D92AB /* ViewController.mm in Sources */ = {isa = PBXBuildFile; fileRef = BC38BCDB2087E65E009D92AB /* ViewController.mm */; };
		BC38BCDE2087E65E009D92AB /* Assets.xcassets in Resources */ = {isa = PBXBuildFile; fileRef = BC38BCDD2087E65E009D92AB /* Assets.xcassets */; };
		BC38BCE12087E65E009D92AB /* Main.storyboard in Resources */ = {isa = PBXBuildFile; fileRef = BC38BCDF2087E65E009D92AB /* Main.storyboard */; };
		BC38BCE42087E65E009D92AB /* main.mm in Sources */ = {isa = PBXBuildFile; fileRef = BC38BCE32087E65E009D92AB /* main.mm */; };
		BC38BD112087F15E009D92AB /* main.mm in Sources */ = {isa = PBXBuildFile; fileRef = BC38BD102087F15E009D92AB /* main.mm */; };
		BC3B50E0209A5F17005E37FB /* main.mm in Sources */ = {isa = PBXBuildFile; fileRef = BC38BD102087F15E009D92AB /* main.mm */; };
		BC3B50E2209A5F17005E37FB /* libcef_dll_wrapper.a in Frameworks */ = {isa = PBXBuildFile; fileRef = BC5FA49E208E409200B37EB3 /* libcef_dll_wrapper.a */; };
		BC3B50E3209A5F17005E37FB /* Chromium Embedded Framework.framework in Frameworks */ = {isa = PBXBuildFile; fileRef = BC5FA49C208E408000B37EB3 /* Chromium Embedded Framework.framework */; };
		BC3B50ED209A5F6F005E37FB /* CEFBAEHelper_Debug.xcconfig in Resources */ = {isa = PBXBuildFile; fileRef = BC3B50EA209A5F6E005E37FB /* CEFBAEHelper_Debug.xcconfig */; };
		BC3B50EE209A5F6F005E37FB /* CEFBAEHelper_Ship.xcconfig in Resources */ = {isa = PBXBuildFile; fileRef = BC3B50EB209A5F6F005E37FB /* CEFBAEHelper_Ship.xcconfig */; };
		BC3B50EF209A5F6F005E37FB /* CEFBAEHelper_Common.xcconfig in Resources */ = {isa = PBXBuildFile; fileRef = BC3B50EC209A5F6F005E37FB /* CEFBAEHelper_Common.xcconfig */; };
		BC5FA49D208E408000B37EB3 /* Chromium Embedded Framework.framework in Frameworks */ = {isa = PBXBuildFile; fileRef = BC5FA49C208E408000B37EB3 /* Chromium Embedded Framework.framework */; };
		BC5FA49F208E409200B37EB3 /* libcef_dll_wrapper.a in Frameworks */ = {isa = PBXBuildFile; fileRef = BC5FA49E208E409200B37EB3 /* libcef_dll_wrapper.a */; };
		BC5FA4A0208E40A500B37EB3 /* Chromium Embedded Framework.framework in Frameworks */ = {isa = PBXBuildFile; fileRef = BC5FA49C208E408000B37EB3 /* Chromium Embedded Framework.framework */; };
		BC5FA4A1208E40B000B37EB3 /* Chromium Embedded Framework.framework in Frameworks */ = {isa = PBXBuildFile; fileRef = BC5FA49C208E408000B37EB3 /* Chromium Embedded Framework.framework */; };
		BC5FA4A2208E40B700B37EB3 /* Chromium Embedded Framework.framework in Frameworks */ = {isa = PBXBuildFile; fileRef = BC5FA49C208E408000B37EB3 /* Chromium Embedded Framework.framework */; };
		BC5FA4A3208E40C700B37EB3 /* libcef_dll_wrapper.a in Frameworks */ = {isa = PBXBuildFile; fileRef = BC5FA49E208E409200B37EB3 /* libcef_dll_wrapper.a */; };
		BC5FA4A4208E40FC00B37EB3 /* libcef_dll_wrapper.a in Frameworks */ = {isa = PBXBuildFile; fileRef = BC5FA49E208E409200B37EB3 /* libcef_dll_wrapper.a */; };
		BC5FA4A5208E410400B37EB3 /* libcef_dll_wrapper.a in Frameworks */ = {isa = PBXBuildFile; fileRef = BC5FA49E208E409200B37EB3 /* libcef_dll_wrapper.a */; };
		BC5FA4A9208E453900B37EB3 /* Chromium Embedded Framework.framework in CopyFiles */ = {isa = PBXBuildFile; fileRef = BC5FA49C208E408000B37EB3 /* Chromium Embedded Framework.framework */; settings = {ATTRIBUTES = (CodeSignOnCopy, RemoveHeadersOnCopy, ); }; };
		BC5FA4AB208E46DA00B37EB3 /* CEFSample Helper.app in CopyFiles */ = {isa = PBXBuildFile; fileRef = BC38BD022087F15E009D92AB /* CEFSample Helper.app */; settings = {ATTRIBUTES = (RemoveHeadersOnCopy, ); }; };
		BCD8AE4F20A3A232009CFB0F /* CEFGlue.exp in Sources */ = {isa = PBXBuildFile; fileRef = BCD8AE4E20A3A232009CFB0F /* CEFGlue.exp */; };
		BCDBC32A2089140500FF83AE /* Cocoa.framework in Frameworks */ = {isa = PBXBuildFile; fileRef = BCDBC3292089140400FF83AE /* Cocoa.framework */; };
		BCDBC32F20892D5C00FF83AE /* BrowserWindow.xib in Resources */ = {isa = PBXBuildFile; fileRef = BCDBC32E20892D5C00FF83AE /* BrowserWindow.xib */; };
		BCDBC34E2089653D00FF83AE /* main.mm in Sources */ = {isa = PBXBuildFile; fileRef = BC38BD102087F15E009D92AB /* main.mm */; };
		BCDBC36C208A4BDE00FF83AE /* CEFGlue.framework in Frameworks */ = {isa = PBXBuildFile; fileRef = BCDBC365208A4BDD00FF83AE /* CEFGlue.framework */; };
		BCDBC36D208A4BDE00FF83AE /* CEFGlue.framework in CopyFiles */ = {isa = PBXBuildFile; fileRef = BCDBC365208A4BDD00FF83AE /* CEFGlue.framework */; settings = {ATTRIBUTES = (CodeSignOnCopy, RemoveHeadersOnCopy, ); }; };
		BCDBC371208A4BEC00FF83AE /* CEFApplication.mm in Sources */ = {isa = PBXBuildFile; fileRef = BCDBC35B208A420A00FF83AE /* CEFApplication.mm */; };
		BCDBC373208A4BFB00FF83AE /* CEFBrowserView.mm in Sources */ = {isa = PBXBuildFile; fileRef = BCDBC32C20892A5000FF83AE /* CEFBrowserView.mm */; };
		BCDBC378208A4C2800FF83AE /* CEFApplication.h in Headers */ = {isa = PBXBuildFile; fileRef = BCDBC35D208A422300FF83AE /* CEFApplication.h */; settings = {ATTRIBUTES = (Public, ); }; };
		BCDBC379208A4C2D00FF83AE /* CEFBrowserView.h in Headers */ = {isa = PBXBuildFile; fileRef = BCDBC3302089346800FF83AE /* CEFBrowserView.h */; settings = {ATTRIBUTES = (Public, ); }; };
		BCDBC37C208A4F1300FF83AE /* CEFBootstrapper.mm in Sources */ = {isa = PBXBuildFile; fileRef = BCDBC37B208A4F1300FF83AE /* CEFBootstrapper.mm */; };
		BCDBC37E208A50DB00FF83AE /* Cocoa.framework in Frameworks */ = {isa = PBXBuildFile; fileRef = BCDBC3292089140400FF83AE /* Cocoa.framework */; };
		BCDBC381208A511C00FF83AE /* CEFBootstrapper.h in Headers */ = {isa = PBXBuildFile; fileRef = BCDBC37D208A4F3400FF83AE /* CEFBootstrapper.h */; settings = {ATTRIBUTES = (Public, ); }; };
		BCDBC383208A519300FF83AE /* WebClient.mm in Sources */ = {isa = PBXBuildFile; fileRef = BCDBC382208A519300FF83AE /* WebClient.mm */; };
		BCDBC38C208A86FE00FF83AE /* BrowserWindowController.h in Sources */ = {isa = PBXBuildFile; fileRef = BCDBC38B208A86FE00FF83AE /* BrowserWindowController.h */; };
		BCDBC38E208A888500FF83AE /* BrowserWindowController.mm in Sources */ = {isa = PBXBuildFile; fileRef = BCDBC38D208A888500FF83AE /* BrowserWindowController.mm */; };
		BCDBC39C208A908000FF83AE /* CEFGlue_Ship.xcconfig in Resources */ = {isa = PBXBuildFile; fileRef = BCDBC396208A907F00FF83AE /* CEFGlue_Ship.xcconfig */; };
		BCDBC39D208A908000FF83AE /* CEFGlue_Debug.xcconfig in Resources */ = {isa = PBXBuildFile; fileRef = BCDBC397208A907F00FF83AE /* CEFGlue_Debug.xcconfig */; };
		BCDBC39E208A908000FF83AE /* CEFGlue_Common.xcconfig in Resources */ = {isa = PBXBuildFile; fileRef = BCDBC398208A908000FF83AE /* CEFGlue_Common.xcconfig */; };
		BCDBC39F208A908000FF83AE /* Common.xcconfig in Resources */ = {isa = PBXBuildFile; fileRef = BCDBC399208A908000FF83AE /* Common.xcconfig */; };
		BCDBC3AB208A91E500FF83AE /* CEFappHelper_Ship.xcconfig in Resources */ = {isa = PBXBuildFile; fileRef = BCDBC3A2208A91E400FF83AE /* CEFappHelper_Ship.xcconfig */; };
		BCDBC3AC208A91E500FF83AE /* CEFSample_Common.xcconfig in Resources */ = {isa = PBXBuildFile; fileRef = BCDBC3A3208A91E500FF83AE /* CEFSample_Common.xcconfig */; };
		BCDBC3AD208A91E500FF83AE /* CEFappHelper_Debug.xcconfig in Resources */ = {isa = PBXBuildFile; fileRef = BCDBC3A4208A91E500FF83AE /* CEFappHelper_Debug.xcconfig */; };
		BCDBC3AE208A91E500FF83AE /* CEFSampleHelper_Debug.xcconfig in Resources */ = {isa = PBXBuildFile; fileRef = BCDBC3A5208A91E500FF83AE /* CEFSampleHelper_Debug.xcconfig */; };
		BCDBC3AF208A91E500FF83AE /* CEFSample_Ship.xcconfig in Resources */ = {isa = PBXBuildFile; fileRef = BCDBC3A6208A91E500FF83AE /* CEFSample_Ship.xcconfig */; };
		BCDBC3B0208A91E500FF83AE /* CEFSampleHelper_Common.xcconfig in Resources */ = {isa = PBXBuildFile; fileRef = BCDBC3A7208A91E500FF83AE /* CEFSampleHelper_Common.xcconfig */; };
		BCDBC3B1208A91E500FF83AE /* CEFappHelper_Common.xcconfig in Resources */ = {isa = PBXBuildFile; fileRef = BCDBC3A8208A91E500FF83AE /* CEFappHelper_Common.xcconfig */; };
		BCDBC3B2208A91E500FF83AE /* CEFSample_Debug.xcconfig in Resources */ = {isa = PBXBuildFile; fileRef = BCDBC3A9208A91E500FF83AE /* CEFSample_Debug.xcconfig */; };
		BCDBC3B3208A91E500FF83AE /* CEFSampleHelper_Ship.xcconfig in Resources */ = {isa = PBXBuildFile; fileRef = BCDBC3AA208A91E500FF83AE /* CEFSampleHelper_Ship.xcconfig */; };
/* End PBXBuildFile section */

/* Begin PBXContainerItemProxy section */
		BC5FA4A6208E41E800B37EB3 /* PBXContainerItemProxy */ = {
			isa = PBXContainerItemProxy;
			containerPortal = BC38BCCC2087E65E009D92AB /* Project object */;
			proxyType = 1;
			remoteGlobalIDString = BC38BD012087F15E009D92AB;
			remoteInfo = CEFSampleHelper;
		};
		BCDBC36A208A4BDE00FF83AE /* PBXContainerItemProxy */ = {
			isa = PBXContainerItemProxy;
			containerPortal = BC38BCCC2087E65E009D92AB /* Project object */;
			proxyType = 1;
			remoteGlobalIDString = BCDBC364208A4BDD00FF83AE;
			remoteInfo = CEFGlue;
		};
/* End PBXContainerItemProxy section */

/* Begin PBXCopyFilesBuildPhase section */
		BC38BCFB2087F0BE009D92AB /* CopyFiles */ = {
			isa = PBXCopyFilesBuildPhase;
			buildActionMask = 12;
			dstPath = "";
			dstSubfolderSpec = 10;
			files = (
				BC5FA4AB208E46DA00B37EB3 /* CEFSample Helper.app in CopyFiles */,
				BC5FA4A9208E453900B37EB3 /* Chromium Embedded Framework.framework in CopyFiles */,
				BCDBC36D208A4BDE00FF83AE /* CEFGlue.framework in CopyFiles */,
			);
			runOnlyForDeploymentPostprocessing = 0;
		};
/* End PBXCopyFilesBuildPhase section */

/* Begin PBXFileReference section */
		BC38BCD42087E65E009D92AB /* CEFSample.app */ = {isa = PBXFileReference; explicitFileType = wrapper.application; includeInIndex = 0; path = CEFSample.app; sourceTree = BUILT_PRODUCTS_DIR; };
		BC38BCD82087E65E009D92AB /* AppDelegate.m */ = {isa = PBXFileReference; lastKnownFileType = sourcecode.c.objc; path = AppDelegate.m; sourceTree = "<group>"; };
		BC38BCDA2087E65E009D92AB /* ViewController.h */ = {isa = PBXFileReference; lastKnownFileType = sourcecode.c.h; path = ViewController.h; sourceTree = "<group>"; };
		BC38BCDB2087E65E009D92AB /* ViewController.mm */ = {isa = PBXFileReference; lastKnownFileType = sourcecode.cpp.objcpp; path = ViewController.mm; sourceTree = "<group>"; };
		BC38BCDD2087E65E009D92AB /* Assets.xcassets */ = {isa = PBXFileReference; lastKnownFileType = folder.assetcatalog; path = Assets.xcassets; sourceTree = "<group>"; };
		BC38BCE02087E65E009D92AB /* Base */ = {isa = PBXFileReference; lastKnownFileType = file.storyboard; name = Base; path = Base.lproj/Main.storyboard; sourceTree = "<group>"; };
		BC38BCE22087E65E009D92AB /* Info.plist */ = {isa = PBXFileReference; lastKnownFileType = text.plist.xml; path = Info.plist; sourceTree = "<group>"; };
		BC38BCE32087E65E009D92AB /* main.mm */ = {isa = PBXFileReference; lastKnownFileType = sourcecode.cpp.objcpp; path = main.mm; sourceTree = "<group>"; };
		BC38BCE52087E65E009D92AB /* CEFSample.entitlements */ = {isa = PBXFileReference; lastKnownFileType = text.plist.entitlements; path = CEFSample.entitlements; sourceTree = "<group>"; };
		BC38BCF12087E798009D92AB /* WebClient.h */ = {isa = PBXFileReference; lastKnownFileType = sourcecode.c.h; path = WebClient.h; sourceTree = "<group>"; };
		BC38BCF62087E999009D92AB /* WebApp.h */ = {isa = PBXFileReference; lastKnownFileType = sourcecode.c.h; path = WebApp.h; sourceTree = "<group>"; };
		BC38BD022087F15E009D92AB /* CEFSample Helper.app */ = {isa = PBXFileReference; explicitFileType = wrapper.application; includeInIndex = 0; path = "CEFSample Helper.app"; sourceTree = BUILT_PRODUCTS_DIR; };
		BC38BD0F2087F15E009D92AB /* Info.plist */ = {isa = PBXFileReference; lastKnownFileType = text.plist.xml; path = Info.plist; sourceTree = "<group>"; };
		BC38BD102087F15E009D92AB /* main.mm */ = {isa = PBXFileReference; lastKnownFileType = sourcecode.cpp.objcpp; path = main.mm; sourceTree = "<group>"; };
		BC38BD122087F15E009D92AB /* CEFSampleHelper.entitlements */ = {isa = PBXFileReference; lastKnownFileType = text.plist.entitlements; path = CEFSampleHelper.entitlements; sourceTree = "<group>"; };
		BC3B50E8209A5F17005E37FB /* Microsoft Bing Ads Editor Helper.app */ = {isa = PBXFileReference; explicitFileType = wrapper.application; includeInIndex = 0; path = "Microsoft Bing Ads Editor Helper.app"; sourceTree = BUILT_PRODUCTS_DIR; };
		BC3B50E9209A5F17005E37FB /* app Helper copy-Info.plist */ = {isa = PBXFileReference; lastKnownFileType = text.plist.xml; name = "app Helper copy-Info.plist"; path = "/Volumes/Yvonne/GitHub/CEFSample/app Helper copy-Info.plist"; sourceTree = "<absolute>"; };
		BC3B50EA209A5F6E005E37FB /* CEFBAEHelper_Debug.xcconfig */ = {isa = PBXFileReference; fileEncoding = 4; lastKnownFileType = text.xcconfig; path = CEFBAEHelper_Debug.xcconfig; sourceTree = "<group>"; };
		BC3B50EB209A5F6F005E37FB /* CEFBAEHelper_Ship.xcconfig */ = {isa = PBXFileReference; fileEncoding = 4; lastKnownFileType = text.xcconfig; path = CEFBAEHelper_Ship.xcconfig; sourceTree = "<group>"; };
		BC3B50EC209A5F6F005E37FB /* CEFBAEHelper_Common.xcconfig */ = {isa = PBXFileReference; fileEncoding = 4; lastKnownFileType = text.xcconfig; path = CEFBAEHelper_Common.xcconfig; sourceTree = "<group>"; };
		BC5FA49C208E408000B37EB3 /* Chromium Embedded Framework.framework */ = {isa = PBXFileReference; lastKnownFileType = wrapper.framework; name = "Chromium Embedded Framework.framework"; path = "../../../../Users/yvonnedu/Downloads/CEF/Release/Chromium Embedded Framework.framework"; sourceTree = "<group>"; };
		BC5FA49E208E409200B37EB3 /* libcef_dll_wrapper.a */ = {isa = PBXFileReference; lastKnownFileType = archive.ar; name = libcef_dll_wrapper.a; path = ../../../../Users/yvonnedu/Downloads/CEF/libcef_dll_wrapper/Release/libcef_dll_wrapper.a; sourceTree = "<group>"; };
		BCD8AE4E20A3A232009CFB0F /* CEFGlue.exp */ = {isa = PBXFileReference; fileEncoding = 4; lastKnownFileType = sourcecode.exports; path = CEFGlue.exp; sourceTree = "<group>"; };
		BCDBC3292089140400FF83AE /* Cocoa.framework */ = {isa = PBXFileReference; lastKnownFileType = wrapper.framework; name = Cocoa.framework; path = System/Library/Frameworks/Cocoa.framework; sourceTree = SDKROOT; };
		BCDBC32C20892A5000FF83AE /* CEFBrowserView.mm */ = {isa = PBXFileReference; lastKnownFileType = sourcecode.cpp.objcpp; path = CEFBrowserView.mm; sourceTree = "<group>"; };
		BCDBC32E20892D5C00FF83AE /* BrowserWindow.xib */ = {isa = PBXFileReference; lastKnownFileType = file.xib; path = BrowserWindow.xib; sourceTree = "<group>"; };
		BCDBC3302089346800FF83AE /* CEFBrowserView.h */ = {isa = PBXFileReference; lastKnownFileType = sourcecode.c.h; path = CEFBrowserView.h; sourceTree = "<group>"; };
		BCDBC3572089653D00FF83AE /* app Helper.app */ = {isa = PBXFileReference; explicitFileType = wrapper.application; includeInIndex = 0; path = "app Helper.app"; sourceTree = BUILT_PRODUCTS_DIR; };
		BCDBC35B208A420A00FF83AE /* CEFApplication.mm */ = {isa = PBXFileReference; lastKnownFileType = sourcecode.cpp.objcpp; path = CEFApplication.mm; sourceTree = "<group>"; };
		BCDBC35D208A422300FF83AE /* CEFApplication.h */ = {isa = PBXFileReference; lastKnownFileType = sourcecode.c.h; path = CEFApplication.h; sourceTree = "<group>"; };
		BCDBC365208A4BDD00FF83AE /* CEFGlue.framework */ = {isa = PBXFileReference; explicitFileType = wrapper.framework; includeInIndex = 0; path = CEFGlue.framework; sourceTree = BUILT_PRODUCTS_DIR; };
		BCDBC37A208A4CBA00FF83AE /* CEFBrowserView+CEFIntegration.h */ = {isa = PBXFileReference; lastKnownFileType = sourcecode.c.h; path = "CEFBrowserView+CEFIntegration.h"; sourceTree = "<group>"; };
		BCDBC37B208A4F1300FF83AE /* CEFBootstrapper.mm */ = {isa = PBXFileReference; lastKnownFileType = sourcecode.cpp.objcpp; path = CEFBootstrapper.mm; sourceTree = "<group>"; };
		BCDBC37D208A4F3400FF83AE /* CEFBootstrapper.h */ = {isa = PBXFileReference; lastKnownFileType = sourcecode.c.h; path = CEFBootstrapper.h; sourceTree = "<group>"; };
		BCDBC382208A519300FF83AE /* WebClient.mm */ = {isa = PBXFileReference; lastKnownFileType = sourcecode.cpp.objcpp; path = WebClient.mm; sourceTree = "<group>"; };
		BCDBC38B208A86FE00FF83AE /* BrowserWindowController.h */ = {isa = PBXFileReference; lastKnownFileType = sourcecode.c.h; path = BrowserWindowController.h; sourceTree = "<group>"; };
		BCDBC38D208A888500FF83AE /* BrowserWindowController.mm */ = {isa = PBXFileReference; lastKnownFileType = sourcecode.cpp.objcpp; path = BrowserWindowController.mm; sourceTree = "<group>"; };
		BCDBC396208A907F00FF83AE /* CEFGlue_Ship.xcconfig */ = {isa = PBXFileReference; fileEncoding = 4; lastKnownFileType = text.xcconfig; path = CEFGlue_Ship.xcconfig; sourceTree = "<group>"; };
		BCDBC397208A907F00FF83AE /* CEFGlue_Debug.xcconfig */ = {isa = PBXFileReference; fileEncoding = 4; lastKnownFileType = text.xcconfig; path = CEFGlue_Debug.xcconfig; sourceTree = "<group>"; };
		BCDBC398208A908000FF83AE /* CEFGlue_Common.xcconfig */ = {isa = PBXFileReference; fileEncoding = 4; lastKnownFileType = text.xcconfig; path = CEFGlue_Common.xcconfig; sourceTree = "<group>"; };
		BCDBC399208A908000FF83AE /* Common.xcconfig */ = {isa = PBXFileReference; fileEncoding = 4; lastKnownFileType = text.xcconfig; path = Common.xcconfig; sourceTree = "<group>"; };
		BCDBC3A2208A91E400FF83AE /* CEFappHelper_Ship.xcconfig */ = {isa = PBXFileReference; fileEncoding = 4; lastKnownFileType = text.xcconfig; path = CEFappHelper_Ship.xcconfig; sourceTree = "<group>"; };
		BCDBC3A3208A91E500FF83AE /* CEFSample_Common.xcconfig */ = {isa = PBXFileReference; fileEncoding = 4; lastKnownFileType = text.xcconfig; path = CEFSample_Common.xcconfig; sourceTree = "<group>"; };
		BCDBC3A4208A91E500FF83AE /* CEFappHelper_Debug.xcconfig */ = {isa = PBXFileReference; fileEncoding = 4; lastKnownFileType = text.xcconfig; path = CEFappHelper_Debug.xcconfig; sourceTree = "<group>"; };
		BCDBC3A5208A91E500FF83AE /* CEFSampleHelper_Debug.xcconfig */ = {isa = PBXFileReference; fileEncoding = 4; lastKnownFileType = text.xcconfig; path = CEFSampleHelper_Debug.xcconfig; sourceTree = "<group>"; };
		BCDBC3A6208A91E500FF83AE /* CEFSample_Ship.xcconfig */ = {isa = PBXFileReference; fileEncoding = 4; lastKnownFileType = text.xcconfig; path = CEFSample_Ship.xcconfig; sourceTree = "<group>"; };
		BCDBC3A7208A91E500FF83AE /* CEFSampleHelper_Common.xcconfig */ = {isa = PBXFileReference; fileEncoding = 4; lastKnownFileType = text.xcconfig; path = CEFSampleHelper_Common.xcconfig; sourceTree = "<group>"; };
		BCDBC3A8208A91E500FF83AE /* CEFappHelper_Common.xcconfig */ = {isa = PBXFileReference; fileEncoding = 4; lastKnownFileType = text.xcconfig; path = CEFappHelper_Common.xcconfig; sourceTree = "<group>"; };
		BCDBC3A9208A91E500FF83AE /* CEFSample_Debug.xcconfig */ = {isa = PBXFileReference; fileEncoding = 4; lastKnownFileType = text.xcconfig; path = CEFSample_Debug.xcconfig; sourceTree = "<group>"; };
		BCDBC3AA208A91E500FF83AE /* CEFSampleHelper_Ship.xcconfig */ = {isa = PBXFileReference; fileEncoding = 4; lastKnownFileType = text.xcconfig; path = CEFSampleHelper_Ship.xcconfig; sourceTree = "<group>"; };
/* End PBXFileReference section */

/* Begin PBXFrameworksBuildPhase section */
		BC38BCD12087E65E009D92AB /* Frameworks */ = {
			isa = PBXFrameworksBuildPhase;
			buildActionMask = 2147483647;
			files = (
				BC5FA49F208E409200B37EB3 /* libcef_dll_wrapper.a in Frameworks */,
				BC5FA49D208E408000B37EB3 /* Chromium Embedded Framework.framework in Frameworks */,
				BCDBC36C208A4BDE00FF83AE /* CEFGlue.framework in Frameworks */,
				BCDBC32A2089140500FF83AE /* Cocoa.framework in Frameworks */,
			);
			runOnlyForDeploymentPostprocessing = 0;
		};
		BC38BCFF2087F15E009D92AB /* Frameworks */ = {
			isa = PBXFrameworksBuildPhase;
			buildActionMask = 2147483647;
			files = (
				BC5FA4A4208E40FC00B37EB3 /* libcef_dll_wrapper.a in Frameworks */,
				BC5FA4A0208E40A500B37EB3 /* Chromium Embedded Framework.framework in Frameworks */,
			);
			runOnlyForDeploymentPostprocessing = 0;
		};
		BC3B50E1209A5F17005E37FB /* Frameworks */ = {
			isa = PBXFrameworksBuildPhase;
			buildActionMask = 2147483647;
			files = (
				BC3B50E2209A5F17005E37FB /* libcef_dll_wrapper.a in Frameworks */,
				BC3B50E3209A5F17005E37FB /* Chromium Embedded Framework.framework in Frameworks */,
			);
			runOnlyForDeploymentPostprocessing = 0;
		};
		BCDBC34F2089653D00FF83AE /* Frameworks */ = {
			isa = PBXFrameworksBuildPhase;
			buildActionMask = 2147483647;
			files = (
				BC5FA4A5208E410400B37EB3 /* libcef_dll_wrapper.a in Frameworks */,
				BC5FA4A1208E40B000B37EB3 /* Chromium Embedded Framework.framework in Frameworks */,
			);
			runOnlyForDeploymentPostprocessing = 0;
		};
		BCDBC361208A4BDD00FF83AE /* Frameworks */ = {
			isa = PBXFrameworksBuildPhase;
			buildActionMask = 2147483647;
			files = (
				BC5FA4A3208E40C700B37EB3 /* libcef_dll_wrapper.a in Frameworks */,
				BC5FA4A2208E40B700B37EB3 /* Chromium Embedded Framework.framework in Frameworks */,
				BCDBC37E208A50DB00FF83AE /* Cocoa.framework in Frameworks */,
			);
			runOnlyForDeploymentPostprocessing = 0;
		};
/* End PBXFrameworksBuildPhase section */

/* Begin PBXGroup section */
		BC38BCCB2087E65E009D92AB = {
			isa = PBXGroup;
			children = (
				BCD8AE4D20A3A232009CFB0F /* Exp */,
				BCDBC38F208A8CD200FF83AE /* Config */,
				BCDBC33920893FD200FF83AE /* CEFGlue */,
				BC38BCD62087E65E009D92AB /* CEFSample */,
				BC38BD032087F15E009D92AB /* CEFSampleHelper */,
				BC38BCD52087E65E009D92AB /* Products */,
				BC38BCEB2087E6BD009D92AB /* Frameworks */,
				BC3B50E9209A5F17005E37FB /* app Helper copy-Info.plist */,
			);
			sourceTree = "<group>";
		};
		BC38BCD52087E65E009D92AB /* Products */ = {
			isa = PBXGroup;
			children = (
				BC38BCD42087E65E009D92AB /* CEFSample.app */,
				BC38BD022087F15E009D92AB /* CEFSample Helper.app */,
				BCDBC3572089653D00FF83AE /* app Helper.app */,
				BCDBC365208A4BDD00FF83AE /* CEFGlue.framework */,
				BC3B50E8209A5F17005E37FB /* Microsoft Bing Ads Editor Helper.app */,
			);
			name = Products;
			sourceTree = "<group>";
		};
		BC38BCD62087E65E009D92AB /* CEFSample */ = {
			isa = PBXGroup;
			children = (
				BC38BCD82087E65E009D92AB /* AppDelegate.m */,
				BC38BCDA2087E65E009D92AB /* ViewController.h */,
				BC38BCDB2087E65E009D92AB /* ViewController.mm */,
				BC38BCDD2087E65E009D92AB /* Assets.xcassets */,
				BC38BCDF2087E65E009D92AB /* Main.storyboard */,
				BC38BCE22087E65E009D92AB /* Info.plist */,
				BC38BCE32087E65E009D92AB /* main.mm */,
				BC38BCE52087E65E009D92AB /* CEFSample.entitlements */,
				BCDBC32E20892D5C00FF83AE /* BrowserWindow.xib */,
				BCDBC38B208A86FE00FF83AE /* BrowserWindowController.h */,
				BCDBC38D208A888500FF83AE /* BrowserWindowController.mm */,
			);
			path = CEFSample;
			sourceTree = "<group>";
		};
		BC38BCEB2087E6BD009D92AB /* Frameworks */ = {
			isa = PBXGroup;
			children = (
				BC5FA49E208E409200B37EB3 /* libcef_dll_wrapper.a */,
				BC5FA49C208E408000B37EB3 /* Chromium Embedded Framework.framework */,
				BCDBC3292089140400FF83AE /* Cocoa.framework */,
			);
			name = Frameworks;
			sourceTree = "<group>";
		};
		BC38BD032087F15E009D92AB /* CEFSampleHelper */ = {
			isa = PBXGroup;
			children = (
				BC38BD0F2087F15E009D92AB /* Info.plist */,
				BC38BD102087F15E009D92AB /* main.mm */,
				BC38BD122087F15E009D92AB /* CEFSampleHelper.entitlements */,
			);
			path = CEFSampleHelper;
			sourceTree = "<group>";
		};
		BCD8AE4D20A3A232009CFB0F /* Exp */ = {
			isa = PBXGroup;
			children = (
				BCD8AE4E20A3A232009CFB0F /* CEFGlue.exp */,
			);
			path = Exp;
			sourceTree = "<group>";
		};
		BCDBC33920893FD200FF83AE /* CEFGlue */ = {
			isa = PBXGroup;
			children = (
				BC38BCF62087E999009D92AB /* WebApp.h */,
				BC38BCF12087E798009D92AB /* WebClient.h */,
				BCDBC382208A519300FF83AE /* WebClient.mm */,
				BCDBC35B208A420A00FF83AE /* CEFApplication.mm */,
				BCDBC35D208A422300FF83AE /* CEFApplication.h */,
				BCDBC3302089346800FF83AE /* CEFBrowserView.h */,
				BCDBC37A208A4CBA00FF83AE /* CEFBrowserView+CEFIntegration.h */,
				BCDBC32C20892A5000FF83AE /* CEFBrowserView.mm */,
				BCDBC37B208A4F1300FF83AE /* CEFBootstrapper.mm */,
				BCDBC37D208A4F3400FF83AE /* CEFBootstrapper.h */,
			);
			path = CEFGlue;
			sourceTree = "<group>";
		};
		BCDBC38F208A8CD200FF83AE /* Config */ = {
			isa = PBXGroup;
			children = (
				BC3B50EC209A5F6F005E37FB /* CEFBAEHelper_Common.xcconfig */,
				BC3B50EA209A5F6E005E37FB /* CEFBAEHelper_Debug.xcconfig */,
				BC3B50EB209A5F6F005E37FB /* CEFBAEHelper_Ship.xcconfig */,
				BCDBC3A8208A91E500FF83AE /* CEFappHelper_Common.xcconfig */,
				BCDBC3A4208A91E500FF83AE /* CEFappHelper_Debug.xcconfig */,
				BCDBC3A2208A91E400FF83AE /* CEFappHelper_Ship.xcconfig */,
				BCDBC3A3208A91E500FF83AE /* CEFSample_Common.xcconfig */,
				BCDBC3A9208A91E500FF83AE /* CEFSample_Debug.xcconfig */,
				BCDBC3A6208A91E500FF83AE /* CEFSample_Ship.xcconfig */,
				BCDBC3A7208A91E500FF83AE /* CEFSampleHelper_Common.xcconfig */,
				BCDBC3A5208A91E500FF83AE /* CEFSampleHelper_Debug.xcconfig */,
				BCDBC3AA208A91E500FF83AE /* CEFSampleHelper_Ship.xcconfig */,
				BCDBC397208A907F00FF83AE /* CEFGlue_Debug.xcconfig */,
				BCDBC398208A908000FF83AE /* CEFGlue_Common.xcconfig */,
				BCDBC396208A907F00FF83AE /* CEFGlue_Ship.xcconfig */,
				BCDBC399208A908000FF83AE /* Common.xcconfig */,
			);
			path = Config;
			sourceTree = "<group>";
		};
/* End PBXGroup section */

/* Begin PBXHeadersBuildPhase section */
		BCDBC362208A4BDD00FF83AE /* Headers */ = {
			isa = PBXHeadersBuildPhase;
			buildActionMask = 2147483647;
			files = (
				BCDBC378208A4C2800FF83AE /* CEFApplication.h in Headers */,
				BCDBC379208A4C2D00FF83AE /* CEFBrowserView.h in Headers */,
				BCDBC381208A511C00FF83AE /* CEFBootstrapper.h in Headers */,
			);
			runOnlyForDeploymentPostprocessing = 0;
		};
/* End PBXHeadersBuildPhase section */

/* Begin PBXNativeTarget section */
		BC38BCD32087E65E009D92AB /* CEFSample */ = {
			isa = PBXNativeTarget;
			buildConfigurationList = BC38BCE82087E65E009D92AB /* Build configuration list for PBXNativeTarget "CEFSample" */;
			buildPhases = (
				BC38BCD02087E65E009D92AB /* Sources */,
				BC38BCD12087E65E009D92AB /* Frameworks */,
				BC38BCD22087E65E009D92AB /* Resources */,
				BC38BCFB2087F0BE009D92AB /* CopyFiles */,
			);
			buildRules = (
			);
			dependencies = (
				BC5FA4A7208E41E800B37EB3 /* PBXTargetDependency */,
				BCDBC36B208A4BDE00FF83AE /* PBXTargetDependency */,
			);
			name = CEFSample;
			productName = CEFSample;
			productReference = BC38BCD42087E65E009D92AB /* CEFSample.app */;
			productType = "com.apple.product-type.application";
		};
		BC38BD012087F15E009D92AB /* CEFSampleHelper */ = {
			isa = PBXNativeTarget;
			buildConfigurationList = BC38BD132087F15E009D92AB /* Build configuration list for PBXNativeTarget "CEFSampleHelper" */;
			buildPhases = (
				BC38BCFE2087F15E009D92AB /* Sources */,
				BC38BCFF2087F15E009D92AB /* Frameworks */,
				BC38BD002087F15E009D92AB /* Resources */,
			);
			buildRules = (
			);
			dependencies = (
			);
			name = CEFSampleHelper;
			productName = CEFSampleHelper;
			productReference = BC38BD022087F15E009D92AB /* CEFSample Helper.app */;
			productType = "com.apple.product-type.application";
		};
		BC3B50DE209A5F17005E37FB /* Microsoft Bing Ads Editor Helper */ = {
			isa = PBXNativeTarget;
			buildConfigurationList = BC3B50E5209A5F17005E37FB /* Build configuration list for PBXNativeTarget "Microsoft Bing Ads Editor Helper" */;
			buildPhases = (
				BC3B50DF209A5F17005E37FB /* Sources */,
				BC3B50E1209A5F17005E37FB /* Frameworks */,
				BC3B50E4209A5F17005E37FB /* Resources */,
			);
			buildRules = (
			);
			dependencies = (
			);
			name = "Microsoft Bing Ads Editor Helper";
			productName = CEFSampleHelper;
			productReference = BC3B50E8209A5F17005E37FB /* Microsoft Bing Ads Editor Helper.app */;
			productType = "com.apple.product-type.application";
		};
		BCDBC34C2089653D00FF83AE /* app Helper */ = {
			isa = PBXNativeTarget;
			buildConfigurationList = BCDBC3542089653D00FF83AE /* Build configuration list for PBXNativeTarget "app Helper" */;
			buildPhases = (
				BCDBC34D2089653D00FF83AE /* Sources */,
				BCDBC34F2089653D00FF83AE /* Frameworks */,
				BCDBC3522089653D00FF83AE /* Resources */,
			);
			buildRules = (
			);
			dependencies = (
			);
			name = "app Helper";
			productName = CEFSampleHelper;
			productReference = BCDBC3572089653D00FF83AE /* app Helper.app */;
			productType = "com.apple.product-type.application";
		};
		BCDBC364208A4BDD00FF83AE /* CEFGlue */ = {
			isa = PBXNativeTarget;
			buildConfigurationList = BCDBC36E208A4BDE00FF83AE /* Build configuration list for PBXNativeTarget "CEFGlue" */;
			buildPhases = (
				BCDBC360208A4BDD00FF83AE /* Sources */,
				BCDBC361208A4BDD00FF83AE /* Frameworks */,
				BCDBC362208A4BDD00FF83AE /* Headers */,
				BCDBC363208A4BDD00FF83AE /* Resources */,
			);
			buildRules = (
			);
			dependencies = (
			);
			name = CEFGlue;
			productName = CEFGlue;
			productReference = BCDBC365208A4BDD00FF83AE /* CEFGlue.framework */;
			productType = "com.apple.product-type.framework";
		};
/* End PBXNativeTarget section */

/* Begin PBXProject section */
		BC38BCCC2087E65E009D92AB /* Project object */ = {
			isa = PBXProject;
			attributes = {
				LastUpgradeCheck = 0920;
				ORGANIZATIONNAME = YvonneDu;
				TargetAttributes = {
					BC38BCD32087E65E009D92AB = {
						CreatedOnToolsVersion = 9.2;
						ProvisioningStyle = Manual;
						SystemCapabilities = {
							com.apple.Sandbox = {
								enabled = 0;
							};
						};
					};
					BC38BD012087F15E009D92AB = {
						CreatedOnToolsVersion = 9.2;
						ProvisioningStyle = Automatic;
						SystemCapabilities = {
							com.apple.Sandbox = {
								enabled = 0;
							};
						};
					};
					BC3B50DE209A5F17005E37FB = {
						ProvisioningStyle = Automatic;
					};
					BCDBC34C2089653D00FF83AE = {
						ProvisioningStyle = Automatic;
					};
					BCDBC364208A4BDD00FF83AE = {
						CreatedOnToolsVersion = 9.2;
						ProvisioningStyle = Automatic;
					};
				};
			};
			buildConfigurationList = BC38BCCF2087E65E009D92AB /* Build configuration list for PBXProject "CEFSample" */;
			compatibilityVersion = "Xcode 8.0";
			developmentRegion = en;
			hasScannedForEncodings = 0;
			knownRegions = (
				en,
				Base,
			);
			mainGroup = BC38BCCB2087E65E009D92AB;
			productRefGroup = BC38BCD52087E65E009D92AB /* Products */;
			projectDirPath = "";
			projectRoot = "";
			targets = (
				BC38BCD32087E65E009D92AB /* CEFSample */,
				BC38BD012087F15E009D92AB /* CEFSampleHelper */,
				BCDBC34C2089653D00FF83AE /* app Helper */,
				BCDBC364208A4BDD00FF83AE /* CEFGlue */,
				BC3B50DE209A5F17005E37FB /* Microsoft Bing Ads Editor Helper */,
			);
		};
/* End PBXProject section */

/* Begin PBXResourcesBuildPhase section */
		BC38BCD22087E65E009D92AB /* Resources */ = {
			isa = PBXResourcesBuildPhase;
			buildActionMask = 2147483647;
			files = (
				BC3B50EF209A5F6F005E37FB /* CEFBAEHelper_Common.xcconfig in Resources */,
				BC3B50EE209A5F6F005E37FB /* CEFBAEHelper_Ship.xcconfig in Resources */,
				BCDBC3B0208A91E500FF83AE /* CEFSampleHelper_Common.xcconfig in Resources */,
				BCDBC32F20892D5C00FF83AE /* BrowserWindow.xib in Resources */,
				BCDBC3B1208A91E500FF83AE /* CEFappHelper_Common.xcconfig in Resources */,
				BCDBC3AD208A91E500FF83AE /* CEFappHelper_Debug.xcconfig in Resources */,
				BC38BCDE2087E65E009D92AB /* Assets.xcassets in Resources */,
				BC3B50ED209A5F6F005E37FB /* CEFBAEHelper_Debug.xcconfig in Resources */,
				BCDBC3AC208A91E500FF83AE /* CEFSample_Common.xcconfig in Resources */,
				BCDBC3B2208A91E500FF83AE /* CEFSample_Debug.xcconfig in Resources */,
				BCDBC39D208A908000FF83AE /* CEFGlue_Debug.xcconfig in Resources */,
				BCDBC3AF208A91E500FF83AE /* CEFSample_Ship.xcconfig in Resources */,
				BCDBC3AB208A91E500FF83AE /* CEFappHelper_Ship.xcconfig in Resources */,
				BCDBC3AE208A91E500FF83AE /* CEFSampleHelper_Debug.xcconfig in Resources */,
				BC38BCE12087E65E009D92AB /* Main.storyboard in Resources */,
				BCDBC39C208A908000FF83AE /* CEFGlue_Ship.xcconfig in Resources */,
				BCDBC39F208A908000FF83AE /* Common.xcconfig in Resources */,
				BCDBC39E208A908000FF83AE /* CEFGlue_Common.xcconfig in Resources */,
				BCDBC3B3208A91E500FF83AE /* CEFSampleHelper_Ship.xcconfig in Resources */,
			);
			runOnlyForDeploymentPostprocessing = 0;
		};
		BC38BD002087F15E009D92AB /* Resources */ = {
			isa = PBXResourcesBuildPhase;
			buildActionMask = 2147483647;
			files = (
			);
			runOnlyForDeploymentPostprocessing = 0;
		};
		BC3B50E4209A5F17005E37FB /* Resources */ = {
			isa = PBXResourcesBuildPhase;
			buildActionMask = 2147483647;
			files = (
			);
			runOnlyForDeploymentPostprocessing = 0;
		};
		BCDBC3522089653D00FF83AE /* Resources */ = {
			isa = PBXResourcesBuildPhase;
			buildActionMask = 2147483647;
			files = (
			);
			runOnlyForDeploymentPostprocessing = 0;
		};
		BCDBC363208A4BDD00FF83AE /* Resources */ = {
			isa = PBXResourcesBuildPhase;
			buildActionMask = 2147483647;
			files = (
			);
			runOnlyForDeploymentPostprocessing = 0;
		};
/* End PBXResourcesBuildPhase section */

/* Begin PBXSourcesBuildPhase section */
		BC38BCD02087E65E009D92AB /* Sources */ = {
			isa = PBXSourcesBuildPhase;
			buildActionMask = 2147483647;
			files = (
				BCDBC38C208A86FE00FF83AE /* BrowserWindowController.h in Sources */,
				BC38BCDC2087E65E009D92AB /* ViewController.mm in Sources */,
				BC38BCE42087E65E009D92AB /* main.mm in Sources */,
				BCD8AE4F20A3A232009CFB0F /* CEFGlue.exp in Sources */,
				BCDBC38E208A888500FF83AE /* BrowserWindowController.mm in Sources */,
				BC38BCD92087E65E009D92AB /* AppDelegate.m in Sources */,
			);
			runOnlyForDeploymentPostprocessing = 0;
		};
		BC38BCFE2087F15E009D92AB /* Sources */ = {
			isa = PBXSourcesBuildPhase;
			buildActionMask = 2147483647;
			files = (
				BC38BD112087F15E009D92AB /* main.mm in Sources */,
			);
			runOnlyForDeploymentPostprocessing = 0;
		};
		BC3B50DF209A5F17005E37FB /* Sources */ = {
			isa = PBXSourcesBuildPhase;
			buildActionMask = 2147483647;
			files = (
				BC3B50E0209A5F17005E37FB /* main.mm in Sources */,
			);
			runOnlyForDeploymentPostprocessing = 0;
		};
		BCDBC34D2089653D00FF83AE /* Sources */ = {
			isa = PBXSourcesBuildPhase;
			buildActionMask = 2147483647;
			files = (
				BCDBC34E2089653D00FF83AE /* main.mm in Sources */,
			);
			runOnlyForDeploymentPostprocessing = 0;
		};
		BCDBC360208A4BDD00FF83AE /* Sources */ = {
			isa = PBXSourcesBuildPhase;
			buildActionMask = 2147483647;
			files = (
				BCDBC371208A4BEC00FF83AE /* CEFApplication.mm in Sources */,
				BCDBC37C208A4F1300FF83AE /* CEFBootstrapper.mm in Sources */,
				BCDBC383208A519300FF83AE /* WebClient.mm in Sources */,
				BCDBC373208A4BFB00FF83AE /* CEFBrowserView.mm in Sources */,
			);
			runOnlyForDeploymentPostprocessing = 0;
		};
/* End PBXSourcesBuildPhase section */

/* Begin PBXTargetDependency section */
		BC5FA4A7208E41E800B37EB3 /* PBXTargetDependency */ = {
			isa = PBXTargetDependency;
			target = BC38BD012087F15E009D92AB /* CEFSampleHelper */;
			targetProxy = BC5FA4A6208E41E800B37EB3 /* PBXContainerItemProxy */;
		};
		BCDBC36B208A4BDE00FF83AE /* PBXTargetDependency */ = {
			isa = PBXTargetDependency;
			target = BCDBC364208A4BDD00FF83AE /* CEFGlue */;
			targetProxy = BCDBC36A208A4BDE00FF83AE /* PBXContainerItemProxy */;
		};
/* End PBXTargetDependency section */

/* Begin PBXVariantGroup section */
		BC38BCDF2087E65E009D92AB /* Main.storyboard */ = {
			isa = PBXVariantGroup;
			children = (
				BC38BCE02087E65E009D92AB /* Base */,
			);
			name = Main.storyboard;
			sourceTree = "<group>";
		};
/* End PBXVariantGroup section */

/* Begin XCBuildConfiguration section */
		BC38BCE62087E65E009D92AB /* Debug */ = {
			isa = XCBuildConfiguration;
			buildSettings = {
				ALWAYS_SEARCH_USER_PATHS = NO;
				CLANG_ANALYZER_NONNULL = YES;
				CLANG_ANALYZER_NUMBER_OBJECT_CONVERSION = YES_AGGRESSIVE;
				CLANG_CXX_LANGUAGE_STANDARD = "gnu++14";
				CLANG_CXX_LIBRARY = "libc++";
				CLANG_ENABLE_MODULES = YES;
				CLANG_ENABLE_OBJC_ARC = YES;
				CLANG_WARN_BLOCK_CAPTURE_AUTORELEASING = YES;
				CLANG_WARN_BOOL_CONVERSION = YES;
				CLANG_WARN_COMMA = YES;
				CLANG_WARN_CONSTANT_CONVERSION = YES;
				CLANG_WARN_DIRECT_OBJC_ISA_USAGE = YES_ERROR;
				CLANG_WARN_DOCUMENTATION_COMMENTS = YES;
				CLANG_WARN_EMPTY_BODY = YES;
				CLANG_WARN_ENUM_CONVERSION = YES;
				CLANG_WARN_INFINITE_RECURSION = YES;
				CLANG_WARN_INT_CONVERSION = YES;
				CLANG_WARN_NON_LITERAL_NULL_CONVERSION = YES;
				CLANG_WARN_OBJC_LITERAL_CONVERSION = YES;
				CLANG_WARN_OBJC_ROOT_CLASS = YES_ERROR;
				CLANG_WARN_RANGE_LOOP_ANALYSIS = YES;
				CLANG_WARN_STRICT_PROTOTYPES = YES;
				CLANG_WARN_SUSPICIOUS_MOVE = YES;
				CLANG_WARN_UNGUARDED_AVAILABILITY = YES_AGGRESSIVE;
				CLANG_WARN_UNREACHABLE_CODE = YES;
				CLANG_WARN__DUPLICATE_METHOD_MATCH = YES;
				CODE_SIGN_IDENTITY = "-";
				ENABLE_STRICT_OBJC_MSGSEND = YES;
				GCC_C_LANGUAGE_STANDARD = gnu11;
				GCC_DYNAMIC_NO_PIC = NO;
				GCC_NO_COMMON_BLOCKS = YES;
				GCC_OPTIMIZATION_LEVEL = 0;
				GCC_PREPROCESSOR_DEFINITIONS = (
					"DEBUG=1",
					"$(inherited)",
				);
				GCC_WARN_64_TO_32_BIT_CONVERSION = YES;
				GCC_WARN_ABOUT_RETURN_TYPE = YES_ERROR;
				GCC_WARN_UNDECLARED_SELECTOR = YES;
				GCC_WARN_UNINITIALIZED_AUTOS = YES_AGGRESSIVE;
				GCC_WARN_UNUSED_FUNCTION = YES;
				GCC_WARN_UNUSED_VARIABLE = YES;
				MTL_ENABLE_DEBUG_INFO = YES;
			};
			name = Debug;
		};
		BC38BCE72087E65E009D92AB /* Release */ = {
			isa = XCBuildConfiguration;
			buildSettings = {
				ALWAYS_SEARCH_USER_PATHS = NO;
				CLANG_ANALYZER_NONNULL = YES;
				CLANG_ANALYZER_NUMBER_OBJECT_CONVERSION = YES_AGGRESSIVE;
				CLANG_CXX_LANGUAGE_STANDARD = "gnu++14";
				CLANG_CXX_LIBRARY = "libc++";
				CLANG_ENABLE_MODULES = YES;
				CLANG_ENABLE_OBJC_ARC = YES;
				CLANG_WARN_BLOCK_CAPTURE_AUTORELEASING = YES;
				CLANG_WARN_BOOL_CONVERSION = YES;
				CLANG_WARN_COMMA = YES;
				CLANG_WARN_CONSTANT_CONVERSION = YES;
				CLANG_WARN_DIRECT_OBJC_ISA_USAGE = YES_ERROR;
				CLANG_WARN_DOCUMENTATION_COMMENTS = YES;
				CLANG_WARN_EMPTY_BODY = YES;
				CLANG_WARN_ENUM_CONVERSION = YES;
				CLANG_WARN_INFINITE_RECURSION = YES;
				CLANG_WARN_INT_CONVERSION = YES;
				CLANG_WARN_NON_LITERAL_NULL_CONVERSION = YES;
				CLANG_WARN_OBJC_LITERAL_CONVERSION = YES;
				CLANG_WARN_OBJC_ROOT_CLASS = YES_ERROR;
				CLANG_WARN_RANGE_LOOP_ANALYSIS = YES;
				CLANG_WARN_STRICT_PROTOTYPES = YES;
				CLANG_WARN_SUSPICIOUS_MOVE = YES;
				CLANG_WARN_UNGUARDED_AVAILABILITY = YES_AGGRESSIVE;
				CLANG_WARN_UNREACHABLE_CODE = YES;
				CLANG_WARN__DUPLICATE_METHOD_MATCH = YES;
				CODE_SIGN_IDENTITY = "-";
				ENABLE_NS_ASSERTIONS = NO;
				ENABLE_STRICT_OBJC_MSGSEND = YES;
				GCC_C_LANGUAGE_STANDARD = gnu11;
				GCC_NO_COMMON_BLOCKS = YES;
				GCC_WARN_64_TO_32_BIT_CONVERSION = YES;
				GCC_WARN_ABOUT_RETURN_TYPE = YES_ERROR;
				GCC_WARN_UNDECLARED_SELECTOR = YES;
				GCC_WARN_UNINITIALIZED_AUTOS = YES_AGGRESSIVE;
				GCC_WARN_UNUSED_FUNCTION = YES;
				GCC_WARN_UNUSED_VARIABLE = YES;
				MTL_ENABLE_DEBUG_INFO = NO;
			};
			name = Release;
		};
		BC38BCE92087E65E009D92AB /* Debug */ = {
			isa = XCBuildConfiguration;
			baseConfigurationReference = BCDBC3A9208A91E500FF83AE /* CEFSample_Debug.xcconfig */;
			buildSettings = {
				ASSETCATALOG_COMPILER_APPICON_NAME = AppIcon;
				CLANG_ENABLE_OBJC_ARC = NO;
				CODE_SIGN_IDENTITY = "";
				CODE_SIGN_STYLE = Manual;
				DEVELOPMENT_TEAM = "";
				INFOPLIST_FILE = CEFSample/Info.plist;
				LD_RUNPATH_SEARCH_PATHS = "$(inherited) @executable_path/../Frameworks @executable_path/../";
				PRODUCT_BUNDLE_IDENTIFIER = ms.CEFSample;
				PROVISIONING_PROFILE_SPECIFIER = "";
				REEXPORTED_LIBRARY_PATHS = "";
			};
			name = Debug;
		};
		BC38BCEA2087E65E009D92AB /* Release */ = {
			isa = XCBuildConfiguration;
			baseConfigurationReference = BCDBC3A6208A91E500FF83AE /* CEFSample_Ship.xcconfig */;
			buildSettings = {
				ASSETCATALOG_COMPILER_APPICON_NAME = AppIcon;
				CLANG_ENABLE_OBJC_ARC = NO;
				CODE_SIGN_IDENTITY = "";
				CODE_SIGN_STYLE = Manual;
				DEVELOPMENT_TEAM = "";
				INFOPLIST_FILE = CEFSample/Info.plist;
				LD_RUNPATH_SEARCH_PATHS = "$(inherited) @executable_path/../Frameworks @executable_path/../";
				PRODUCT_BUNDLE_IDENTIFIER = ms.CEFSample;
				PROVISIONING_PROFILE_SPECIFIER = "";
				REEXPORTED_LIBRARY_PATHS = "";
			};
			name = Release;
		};
		BC38BD142087F15E009D92AB /* Debug */ = {
			isa = XCBuildConfiguration;
			baseConfigurationReference = BCDBC3A5208A91E500FF83AE /* CEFSampleHelper_Debug.xcconfig */;
			buildSettings = {
				ASSETCATALOG_COMPILER_APPICON_NAME = AppIcon;
				CLANG_ENABLE_OBJC_ARC = NO;
				CODE_SIGN_STYLE = Automatic;
				INFOPLIST_FILE = CEFSampleHelper/Info.plist;
				LD_RUNPATH_SEARCH_PATHS = "$(inherited) @executable_path/../../../../";
			};
			name = Debug;
		};
		BC38BD152087F15E009D92AB /* Release */ = {
			isa = XCBuildConfiguration;
			baseConfigurationReference = BCDBC3AA208A91E500FF83AE /* CEFSampleHelper_Ship.xcconfig */;
			buildSettings = {
				ASSETCATALOG_COMPILER_APPICON_NAME = AppIcon;
				CLANG_ENABLE_OBJC_ARC = NO;
				CODE_SIGN_STYLE = Automatic;
				INFOPLIST_FILE = CEFSampleHelper/Info.plist;
				LD_RUNPATH_SEARCH_PATHS = "$(inherited) @executable_path/../../../../";
			};
			name = Release;
		};
		BC3B50E6209A5F17005E37FB /* Debug */ = {
			isa = XCBuildConfiguration;
			baseConfigurationReference = BC3B50EA209A5F6E005E37FB /* CEFBAEHelper_Debug.xcconfig */;
			buildSettings = {
				CLANG_ENABLE_OBJC_ARC = NO;
				CODE_SIGN_STYLE = Automatic;
				INFOPLIST_FILE = "app Helper copy-Info.plist";
				LD_RUNPATH_SEARCH_PATHS = "$(inherited) @executable_path/../../../../";
				PRODUCT_BUNDLE_IDENTIFIER = ms.CEFSampleHelper;
				PRODUCT_NAME = "$(TARGET_NAME)";
			};
			name = Debug;
		};
		BC3B50E7209A5F17005E37FB /* Release */ = {
			isa = XCBuildConfiguration;
			baseConfigurationReference = BC3B50EB209A5F6F005E37FB /* CEFBAEHelper_Ship.xcconfig */;
			buildSettings = {
				CLANG_ENABLE_OBJC_ARC = NO;
				CODE_SIGN_STYLE = Automatic;
				INFOPLIST_FILE = "app Helper copy-Info.plist";
				LD_RUNPATH_SEARCH_PATHS = "$(inherited) @executable_path/../../../../";
				PRODUCT_BUNDLE_IDENTIFIER = ms.CEFSampleHelper;
				PRODUCT_NAME = "$(TARGET_NAME)";
			};
			name = Release;
		};
		BCDBC3552089653D00FF83AE /* Debug */ = {
			isa = XCBuildConfiguration;
			baseConfigurationReference = BCDBC3A4208A91E500FF83AE /* CEFappHelper_Debug.xcconfig */;
			buildSettings = {
				CLANG_ENABLE_OBJC_ARC = NO;
				CODE_SIGN_STYLE = Automatic;
				INFOPLIST_FILE = CEFSampleHelper/Info.plist;
				LD_RUNPATH_SEARCH_PATHS = "$(inherited) @executable_path/../../../../";
				PRODUCT_BUNDLE_IDENTIFIER = ms.CEFSampleHelper;
				PRODUCT_NAME = "$(TARGET_NAME)";
			};
			name = Debug;
		};
		BCDBC3562089653D00FF83AE /* Release */ = {
			isa = XCBuildConfiguration;
			baseConfigurationReference = BCDBC3A2208A91E400FF83AE /* CEFappHelper_Ship.xcconfig */;
			buildSettings = {
				CLANG_ENABLE_OBJC_ARC = NO;
				CODE_SIGN_STYLE = Automatic;
				INFOPLIST_FILE = CEFSampleHelper/Info.plist;
				LD_RUNPATH_SEARCH_PATHS = "$(inherited) @executable_path/../../../../";
				PRODUCT_BUNDLE_IDENTIFIER = ms.CEFSampleHelper;
				PRODUCT_NAME = "$(TARGET_NAME)";
			};
			name = Release;
		};
		BCDBC36F208A4BDE00FF83AE /* Debug */ = {
			isa = XCBuildConfiguration;
			baseConfigurationReference = BCDBC397208A907F00FF83AE /* CEFGlue_Debug.xcconfig */;
			buildSettings = {
				CLANG_ENABLE_OBJC_ARC = NO;
				CODE_SIGN_STYLE = Automatic;
				COMBINE_HIDPI_IMAGES = YES;
				CURRENT_PROJECT_VERSION = 1;
				DEFINES_MODULE = YES;
				DEVELOPMENT_TEAM = "";
				DYLIB_COMPATIBILITY_VERSION = 1;
				DYLIB_CURRENT_VERSION = 1;
				DYLIB_INSTALL_NAME_BASE = "@rpath";
				EXPORTED_SYMBOLS_FILE = ./Exp/CEFGlue.exp;
				FRAMEWORK_VERSION = A;
				INFOPLIST_FILE = CEFGlue/Info.plist;
				INSTALL_PATH = "$(LOCAL_LIBRARY_DIR)/Frameworks";
				PRODUCT_BUNDLE_IDENTIFIER = ms.CEFGlue;
				PRODUCT_NAME = "$(TARGET_NAME:c99extidentifier)";
				SKIP_INSTALL = YES;
				VERSIONING_SYSTEM = "apple-generic";
				VERSION_INFO_PREFIX = "";
			};
			name = Debug;
		};
		BCDBC370208A4BDE00FF83AE /* Release */ = {
			isa = XCBuildConfiguration;
			baseConfigurationReference = BCDBC396208A907F00FF83AE /* CEFGlue_Ship.xcconfig */;
			buildSettings = {
				CLANG_ENABLE_OBJC_ARC = NO;
				CODE_SIGN_STYLE = Automatic;
				COMBINE_HIDPI_IMAGES = YES;
				CURRENT_PROJECT_VERSION = 1;
				DEFINES_MODULE = YES;
				DEVELOPMENT_TEAM = "";
				DYLIB_COMPATIBILITY_VERSION = 1;
				DYLIB_CURRENT_VERSION = 1;
				DYLIB_INSTALL_NAME_BASE = "@rpath";
				EXPORTED_SYMBOLS_FILE = ./Exp/CEFGlue.exp;
				FRAMEWORK_VERSION = A;
				INFOPLIST_FILE = CEFGlue/Info.plist;
				INSTALL_PATH = "$(LOCAL_LIBRARY_DIR)/Frameworks";
				PRODUCT_BUNDLE_IDENTIFIER = ms.CEFGlue;
				PRODUCT_NAME = "$(TARGET_NAME:c99extidentifier)";
				SKIP_INSTALL = YES;
				VERSIONING_SYSTEM = "apple-generic";
				VERSION_INFO_PREFIX = "";
			};
			name = Release;
		};
/* End XCBuildConfiguration section */

/* Begin XCConfigurationList section */
		BC38BCCF2087E65E009D92AB /* Build configuration list for PBXProject "CEFSample" */ = {
			isa = XCConfigurationList;
			buildConfigurations = (
				BC38BCE62087E65E009D92AB /* Debug */,
				BC38BCE72087E65E009D92AB /* Release */,
			);
			defaultConfigurationIsVisible = 0;
			defaultConfigurationName = Release;
		};
		BC38BCE82087E65E009D92AB /* Build configuration list for PBXNativeTarget "CEFSample" */ = {
			isa = XCConfigurationList;
			buildConfigurations = (
				BC38BCE92087E65E009D92AB /* Debug */,
				BC38BCEA2087E65E009D92AB /* Release */,
			);
			defaultConfigurationIsVisible = 0;
			defaultConfigurationName = Release;
		};
		BC38BD132087F15E009D92AB /* Build configuration list for PBXNativeTarget "CEFSampleHelper" */ = {
			isa = XCConfigurationList;
			buildConfigurations = (
				BC38BD142087F15E009D92AB /* Debug */,
				BC38BD152087F15E009D92AB /* Release */,
			);
			defaultConfigurationIsVisible = 0;
			defaultConfigurationName = Release;
		};
		BC3B50E5209A5F17005E37FB /* Build configuration list for PBXNativeTarget "Microsoft Bing Ads Editor Helper" */ = {
			isa = XCConfigurationList;
			buildConfigurations = (
				BC3B50E6209A5F17005E37FB /* Debug */,
				BC3B50E7209A5F17005E37FB /* Release */,
			);
			defaultConfigurationIsVisible = 0;
			defaultConfigurationName = Release;
		};
		BCDBC3542089653D00FF83AE /* Build configuration list for PBXNativeTarget "app Helper" */ = {
			isa = XCConfigurationList;
			buildConfigurations = (
				BCDBC3552089653D00FF83AE /* Debug */,
				BCDBC3562089653D00FF83AE /* Release */,
			);
			defaultConfigurationIsVisible = 0;
			defaultConfigurationName = Release;
		};
		BCDBC36E208A4BDE00FF83AE /* Build configuration list for PBXNativeTarget "CEFGlue" */ = {
			isa = XCConfigurationList;
			buildConfigurations = (
				BCDBC36F208A4BDE00FF83AE /* Debug */,
				BCDBC370208A4BDE00FF83AE /* Release */,
			);
			defaultConfigurationIsVisible = 0;
			defaultConfigurationName = Release;
		};
/* End XCConfigurationList section */
	};
	rootObject = BC38BCCC2087E65E009D92AB /* Project object */;
}
